buf.build/gen/go/tzdanows/url-shortener/connectrpc/go v1.17.0-20241014202535-3c3643e0923a.1 h1:wqOWVBBb7mGvJ3JaUfnwo5C69ObbRd1eQWkJ+ZLBgEs=
buf.build/gen/go/tzdanows/url-shortener/connectrpc/go v1.17.0-20241014202535-3c3643e0923a.1/go.mod h1:ttp32Wp+O/ex5UgI8kO7ZSi0p/JdZXoxnNxWTumAtQo=
buf.build/gen/go/tzdanows/url-shortener/protocolbuffers/go v1.35.1-20241014202535-3c3643e0923a.1 h1:x+tUF0f0xD60KVoCQM2oa+J/Cr9ZbdAwzInuo5lXBA4=
buf.build/gen/go/tzdanows/url-shortener/protocolbuffers/go v1.35.1-20241014202535-3c3643e0923a.1/go.mod h1:W3VZ/1nc//Bsb+nHHIp4NKZLxGYKH1+LtW8FZcf7nXU=
connectrpc.com/connect v1.17.0 h1:W0ZqMhtVzn9Zhn2yATuUokDLO5N+gIuBWMOnsQrfmZk=
connectrpc.com/connect v1.17.0/go.mod h1:0292hj1rnx8oFrStN7cB4jjVBeqs+Yx5yDIC2prWDO8=
google.golang.org/protobuf v1.35.1 h1:m3LfL6/Ca+fqnjnlqQXNpFPABW1UD7mjh8KO2mKFytA=
google.golang.org/protobuf v1.35.1/go.mod h1:9fA7Ob0pmnwhb644+1+CVWFRbNajQ6iRojtC/QF5bRE=
